
Microsoft Visual Studio Solution File, Format Version 12.00
Project("{FAE04EC0-301F-11D3-BF4B-00C04F79EFBC}") = "GBV", "GBV\GBV.csproj", "{62F375C5-9309-4FA6-B4C6-5784146FDCEC}"
EndProject
Project("{FAE04EC0-301F-11D3-BF4B-00C04F79EFBC}") = "ProcessorTesting", "ProcessorTesting\ProcessorTesting.csproj", "{72FC9297-E034-41F7-8391-DE61E9409852}"
EndProject
Global
	GlobalSection(SolutionConfigurationPlatforms) = preSolution
		Debug|Any CPU = Debug|Any CPU
		Release|Any CPU = Release|Any CPU
	EndGlobalSection
	GlobalSection(ProjectConfigurationPlatforms) = postSolution
		{62F375C5-9309-4FA6-B4C6-5784146FDCEC}.Debug|Any CPU.ActiveCfg = Debug|Any CPU
		{62F375C5-9309-4FA6-B4C6-5784146FDCEC}.Debug|Any CPU.Build.0 = Debug|Any CPU
		{62F375C5-9309-4FA6-B4C6-5784146FDCEC}.Release|Any CPU.ActiveCfg = Release|Any CPU
		{62F375C5-9309-4FA6-B4C6-5784146FDCEC}.Release|Any CPU.Build.0 = Release|Any CPU
		{72FC9297-E034-41F7-8391-DE61E9409852}.Debug|Any CPU.ActiveCfg = Debug|Any CPU
		{72FC9297-E034-41F7-8391-DE61E9409852}.Debug|Any CPU.Build.0 = Debug|Any CPU
		{72FC9297-E034-41F7-8391-DE61E9409852}.Release|Any CPU.ActiveCfg = Release|Any CPU
		{72FC9297-E034-41F7-8391-DE61E9409852}.Release|Any CPU.Build.0 = Release|Any CPU
	EndGlobalSection
EndGlobal
